
Microsoft Visual Studio Solution File, Format Version 12.00
Project("{FAE04EC0-301F-11D3-BF4B-00C04F79EFBC}") = "QuestPDF.Markdown", "src\QuestPDF.Markdown\QuestPDF.Markdown.csproj", "{4EEC9EB2-01E7-4B77-AC9F-0C0F16BD7080}"
EndProject
Project("{FAE04EC0-301F-11D3-BF4B-00C04F79EFBC}") = "QuestPDF.Markdown.Tests", "tests\QuestPDF.Markdown.Tests\QuestPDF.Markdown.Tests.csproj", "{8B1A56F2-D282-44B1-8E66-DF02A9E8A183}"
EndProject
Project("{2150E333-8FDC-42A3-9474-1A3956D46DE8}") = "Solution Items", "Solution Items", "{26BB48ED-C7A1-471E-B526-31F2D57B3384}"
	ProjectSection(SolutionItems) = preProject
		Directory.Build.props = Directory.Build.props
		.gitignore = .gitignore
	EndProjectSection
EndProject
Global
	GlobalSection(SolutionConfigurationPlatforms) = preSolution
		Debug|Any CPU = Debug|Any CPU
		Release|Any CPU = Release|Any CPU
	EndGlobalSection
	GlobalSection(ProjectConfigurationPlatforms) = postSolution
		{4EEC9EB2-01E7-4B77-AC9F-0C0F16BD7080}.Debug|Any CPU.ActiveCfg = Debug|Any CPU
		{4EEC9EB2-01E7-4B77-AC9F-0C0F16BD7080}.Debug|Any CPU.Build.0 = Debug|Any CPU
		{4EEC9EB2-01E7-4B77-AC9F-0C0F16BD7080}.Release|Any CPU.ActiveCfg = Release|Any CPU
		{4EEC9EB2-01E7-4B77-AC9F-0C0F16BD7080}.Release|Any CPU.Build.0 = Release|Any CPU
		{8B1A56F2-D282-44B1-8E66-DF02A9E8A183}.Debug|Any CPU.ActiveCfg = Debug|Any CPU
		{8B1A56F2-D282-44B1-8E66-DF02A9E8A183}.Debug|Any CPU.Build.0 = Debug|Any CPU
		{8B1A56F2-D282-44B1-8E66-DF02A9E8A183}.Release|Any CPU.ActiveCfg = Release|Any CPU
		{8B1A56F2-D282-44B1-8E66-DF02A9E8A183}.Release|Any CPU.Build.0 = Release|Any CPU
	EndGlobalSection
EndGlobal
